
Microsoft Visual Studio Solution File, Format Version 12.00
# Visual Studio 15
Project("{FAE04EC0-301F-11D3-BF4B-00C04F79EFBC}") = "Unity.XR.Interaction.Toolkit.Samples.StarterAssets", "Unity.XR.Interaction.Toolkit.Samples.StarterAssets.csproj", "{D9F8955E-8BCF-5F38-BC25-FFACD167E145}"
EndProject
Project("{FAE04EC0-301F-11D3-BF4B-00C04F79EFBC}") = "Unity.XR.Interaction.Toolkit.Samples.DeviceSimulator", "Unity.XR.Interaction.Toolkit.Samples.DeviceSimulator.csproj", "{28D7EA70-F65C-86FC-E38A-85F7D1E17CDA}"
EndProject
Project("{FAE04EC0-301F-11D3-BF4B-00C04F79EFBC}") = "Ubiq.Samples.Demo", "Ubiq.Samples.Demo.csproj", "{EBAF1AEF-F6D1-1C28-1B2E-1AF26D251599}"
EndProject
Project("{FAE04EC0-301F-11D3-BF4B-00C04F79EFBC}") = "Assembly-CSharp", "Assembly-CSharp.csproj", "{B360325A-9304-C887-3BEA-3A6A9F72ADC9}"
EndProject
Project("{FAE04EC0-301F-11D3-BF4B-00C04F79EFBC}") = "Unity.XR.Interaction.Toolkit.Samples.StarterAssets.Editor", "Unity.XR.Interaction.Toolkit.Samples.StarterAssets.Editor.csproj", "{2687F5DA-461E-58C0-5352-40DEA7123BB3}"
EndProject
Project("{FAE04EC0-301F-11D3-BF4B-00C04F79EFBC}") = "Ubiq.Samples.Demo.Editor", "Ubiq.Samples.Demo.Editor.csproj", "{6C8C1994-F65C-3F03-B2C5-E00F634061FF}"
EndProject
Global
	GlobalSection(SolutionConfigurationPlatforms) = preSolution
		Debug|Any CPU = Debug|Any CPU
		Release|Any CPU = Release|Any CPU
	EndGlobalSection
	GlobalSection(ProjectConfigurationPlatforms) = postSolution
		{D9F8955E-8BCF-5F38-BC25-FFACD167E145}.Debug|Any CPU.ActiveCfg = Debug|Any CPU
		{D9F8955E-8BCF-5F38-BC25-FFACD167E145}.Debug|Any CPU.Build.0 = Debug|Any CPU
		{D9F8955E-8BCF-5F38-BC25-FFACD167E145}.Release|Any CPU.ActiveCfg = Release|Any CPU
		{D9F8955E-8BCF-5F38-BC25-FFACD167E145}.Release|Any CPU.Build.0 = Release|Any CPU
		{28D7EA70-F65C-86FC-E38A-85F7D1E17CDA}.Debug|Any CPU.ActiveCfg = Debug|Any CPU
		{28D7EA70-F65C-86FC-E38A-85F7D1E17CDA}.Debug|Any CPU.Build.0 = Debug|Any CPU
		{28D7EA70-F65C-86FC-E38A-85F7D1E17CDA}.Release|Any CPU.ActiveCfg = Release|Any CPU
		{28D7EA70-F65C-86FC-E38A-85F7D1E17CDA}.Release|Any CPU.Build.0 = Release|Any CPU
		{EBAF1AEF-F6D1-1C28-1B2E-1AF26D251599}.Debug|Any CPU.ActiveCfg = Debug|Any CPU
		{EBAF1AEF-F6D1-1C28-1B2E-1AF26D251599}.Debug|Any CPU.Build.0 = Debug|Any CPU
		{EBAF1AEF-F6D1-1C28-1B2E-1AF26D251599}.Release|Any CPU.ActiveCfg = Release|Any CPU
		{EBAF1AEF-F6D1-1C28-1B2E-1AF26D251599}.Release|Any CPU.Build.0 = Release|Any CPU
		{B360325A-9304-C887-3BEA-3A6A9F72ADC9}.Debug|Any CPU.ActiveCfg = Debug|Any CPU
		{B360325A-9304-C887-3BEA-3A6A9F72ADC9}.Debug|Any CPU.Build.0 = Debug|Any CPU
		{B360325A-9304-C887-3BEA-3A6A9F72ADC9}.Release|Any CPU.ActiveCfg = Release|Any CPU
		{B360325A-9304-C887-3BEA-3A6A9F72ADC9}.Release|Any CPU.Build.0 = Release|Any CPU
		{2687F5DA-461E-58C0-5352-40DEA7123BB3}.Debug|Any CPU.ActiveCfg = Debug|Any CPU
		{2687F5DA-461E-58C0-5352-40DEA7123BB3}.Debug|Any CPU.Build.0 = Debug|Any CPU
		{2687F5DA-461E-58C0-5352-40DEA7123BB3}.Release|Any CPU.ActiveCfg = Release|Any CPU
		{2687F5DA-461E-58C0-5352-40DEA7123BB3}.Release|Any CPU.Build.0 = Release|Any CPU
		{6C8C1994-F65C-3F03-B2C5-E00F634061FF}.Debug|Any CPU.ActiveCfg = Debug|Any CPU
		{6C8C1994-F65C-3F03-B2C5-E00F634061FF}.Debug|Any CPU.Build.0 = Debug|Any CPU
		{6C8C1994-F65C-3F03-B2C5-E00F634061FF}.Release|Any CPU.ActiveCfg = Release|Any CPU
		{6C8C1994-F65C-3F03-B2C5-E00F634061FF}.Release|Any CPU.Build.0 = Release|Any CPU
	EndGlobalSection
	GlobalSection(SolutionProperties) = preSolution
		HideSolutionNode = FALSE
	EndGlobalSection
EndGlobal
